
Microsoft Visual Studio Solution File, Format Version 12.00
# Visual Studio 14
VisualStudioVersion = 14.0.25420.1
MinimumVisualStudioVersion = 10.0.40219.1
Project("{FAE04EC0-301F-11D3-BF4B-00C04F79EFBC}") = "TestAce", "TestAce\TestAce.csproj", "{F659A840-C237-4A71-B1C0-37A0AE08CD9E}"
EndProject
Global
	GlobalSection(SolutionConfigurationPlatforms) = preSolution
		Debug|Any CPU = Debug|Any CPU
		Release|Any CPU = Release|Any CPU
	EndGlobalSection
	GlobalSection(ProjectConfigurationPlatforms) = postSolution
		{F659A840-C237-4A71-B1C0-37A0AE08CD9E}.Debug|Any CPU.ActiveCfg = Debug|Any CPU
		{F659A840-C237-4A71-B1C0-37A0AE08CD9E}.Debug|Any CPU.Build.0 = Debug|Any CPU
		{F659A840-C237-4A71-B1C0-37A0AE08CD9E}.Release|Any CPU.ActiveCfg = Release|Any CPU
		{F659A840-C237-4A71-B1C0-37A0AE08CD9E}.Release|Any CPU.Build.0 = Release|Any CPU
	EndGlobalSection
	GlobalSection(SolutionProperties) = preSolution
		HideSolutionNode = FALSE
	EndGlobalSection
EndGlobal
